// !$*UTF8*$!
{
	archiveVersion = 1;
	classes = {
	};
	objectVersion = 56;
	objects = {

/* Begin PBXBuildFile section */
		D60B9D792936526600BAEB01 /* Chat_BlogApp.swift in Sources */ = {isa = PBXBuildFile; fileRef = D60B9D782936526600BAEB01 /* Chat_BlogApp.swift */; };
		D60B9D7B2936526600BAEB01 /* ContentView.swift in Sources */ = {isa = PBXBuildFile; fileRef = D60B9D7A2936526600BAEB01 /* ContentView.swift */; };
		D60B9D7D2936526B00BAEB01 /* Assets.xcassets in Resources */ = {isa = PBXBuildFile; fileRef = D60B9D7C2936526B00BAEB01 /* Assets.xcassets */; };
		D60B9D802936526B00BAEB01 /* Preview Assets.xcassets in Resources */ = {isa = PBXBuildFile; fileRef = D60B9D7F2936526B00BAEB01 /* Preview Assets.xcassets */; };
		D60B9D882936532100BAEB01 /* LoginView.swift in Sources */ = {isa = PBXBuildFile; fileRef = D60B9D872936532100BAEB01 /* LoginView.swift */; };
		D60B9D8A2936532800BAEB01 /* LoginViewModel.swift in Sources */ = {isa = PBXBuildFile; fileRef = D60B9D892936532800BAEB01 /* LoginViewModel.swift */; };
		D60B9D8D29365CE400BAEB01 /* FirebaseAuth in Frameworks */ = {isa = PBXBuildFile; productRef = D60B9D8C29365CE400BAEB01 /* FirebaseAuth */; };
		D60B9D8F29365CE400BAEB01 /* FirebaseFirestore in Frameworks */ = {isa = PBXBuildFile; productRef = D60B9D8E29365CE400BAEB01 /* FirebaseFirestore */; };
		D60B9D9129365CE400BAEB01 /* FirebaseStorage in Frameworks */ = {isa = PBXBuildFile; productRef = D60B9D9029365CE400BAEB01 /* FirebaseStorage */; };
		D60B9D9329365EDA00BAEB01 /* GoogleService-Info.plist in Resources */ = {isa = PBXBuildFile; fileRef = D60B9D9229365ED900BAEB01 /* GoogleService-Info.plist */; };
		D60B9D962936600B00BAEB01 /* FirebaseManager.swift in Sources */ = {isa = PBXBuildFile; fileRef = D60B9D952936600B00BAEB01 /* FirebaseManager.swift */; };
		D65C60322939046F00AAE189 /* RecentMessage.swift in Sources */ = {isa = PBXBuildFile; fileRef = D65C60312939046F00AAE189 /* RecentMessage.swift */; };
		D65C603529390F4000AAE189 /* RecentMessageRowView.swift in Sources */ = {isa = PBXBuildFile; fileRef = D65C603429390F4000AAE189 /* RecentMessageRowView.swift */; };
		D65C603729390F4E00AAE189 /* RecentMessageViewModel.swift in Sources */ = {isa = PBXBuildFile; fileRef = D65C603629390F4E00AAE189 /* RecentMessageViewModel.swift */; };
		D671B14A2937B1A6006F062E /* MainMessagesView.swift in Sources */ = {isa = PBXBuildFile; fileRef = D671B1492937B1A6006F062E /* MainMessagesView.swift */; };
		D671B14C2937B1B9006F062E /* MainMessagesViewModel.swift in Sources */ = {isa = PBXBuildFile; fileRef = D671B14B2937B1B9006F062E /* MainMessagesViewModel.swift */; };
		D671B14E2937B202006F062E /* MessagesList.swift in Sources */ = {isa = PBXBuildFile; fileRef = D671B14D2937B202006F062E /* MessagesList.swift */; };
		D671B1512937B4D7006F062E /* NewMessageUsersView.swift in Sources */ = {isa = PBXBuildFile; fileRef = D671B1502937B4D7006F062E /* NewMessageUsersView.swift */; };
		D671B1542937B52F006F062E /* ChatUser.swift in Sources */ = {isa = PBXBuildFile; fileRef = D671B1532937B52F006F062E /* ChatUser.swift */; };
		D671B1562937B62A006F062E /* NewMessageUsersViewModel.swift in Sources */ = {isa = PBXBuildFile; fileRef = D671B1552937B62A006F062E /* NewMessageUsersViewModel.swift */; };
		D671B1592937C2B6006F062E /* ChatLogView.swift in Sources */ = {isa = PBXBuildFile; fileRef = D671B1582937C2B6006F062E /* ChatLogView.swift */; };
		D671B15B2937C2C4006F062E /* ChatLogViewModel.swift in Sources */ = {isa = PBXBuildFile; fileRef = D671B15A2937C2C4006F062E /* ChatLogViewModel.swift */; };
		D671B15E2937C4D2006F062E /* FirebaseConstants.swift in Sources */ = {isa = PBXBuildFile; fileRef = D671B15D2937C4D2006F062E /* FirebaseConstants.swift */; };
		D671B1602937C725006F062E /* Message.swift in Sources */ = {isa = PBXBuildFile; fileRef = D671B15F2937C725006F062E /* Message.swift */; };
/* End PBXBuildFile section */

/* Begin PBXFileReference section */
		D60B9D752936526600BAEB01 /* Chat Blog.app */ = {isa = PBXFileReference; explicitFileType = wrapper.application; includeInIndex = 0; path = "Chat Blog.app"; sourceTree = BUILT_PRODUCTS_DIR; };
		D60B9D782936526600BAEB01 /* Chat_BlogApp.swift */ = {isa = PBXFileReference; lastKnownFileType = sourcecode.swift; path = Chat_BlogApp.swift; sourceTree = "<group>"; };
		D60B9D7A2936526600BAEB01 /* ContentView.swift */ = {isa = PBXFileReference; lastKnownFileType = sourcecode.swift; path = ContentView.swift; sourceTree = "<group>"; };
		D60B9D7C2936526B00BAEB01 /* Assets.xcassets */ = {isa = PBXFileReference; lastKnownFileType = folder.assetcatalog; path = Assets.xcassets; sourceTree = "<group>"; };
		D60B9D7F2936526B00BAEB01 /* Preview Assets.xcassets */ = {isa = PBXFileReference; lastKnownFileType = folder.assetcatalog; path = "Preview Assets.xcassets"; sourceTree = "<group>"; };
		D60B9D872936532100BAEB01 /* LoginView.swift */ = {isa = PBXFileReference; lastKnownFileType = sourcecode.swift; path = LoginView.swift; sourceTree = "<group>"; };
		D60B9D892936532800BAEB01 /* LoginViewModel.swift */ = {isa = PBXFileReference; lastKnownFileType = sourcecode.swift; path = LoginViewModel.swift; sourceTree = "<group>"; };
		D60B9D9229365ED900BAEB01 /* GoogleService-Info.plist */ = {isa = PBXFileReference; fileEncoding = 4; lastKnownFileType = text.plist.xml; path = "GoogleService-Info.plist"; sourceTree = "<group>"; };
		D60B9D952936600B00BAEB01 /* FirebaseManager.swift */ = {isa = PBXFileReference; lastKnownFileType = sourcecode.swift; path = FirebaseManager.swift; sourceTree = "<group>"; };
		D65C60312939046F00AAE189 /* RecentMessage.swift */ = {isa = PBXFileReference; lastKnownFileType = sourcecode.swift; path = RecentMessage.swift; sourceTree = "<group>"; };
		D65C603429390F4000AAE189 /* RecentMessageRowView.swift */ = {isa = PBXFileReference; lastKnownFileType = sourcecode.swift; path = RecentMessageRowView.swift; sourceTree = "<group>"; };
		D65C603629390F4E00AAE189 /* RecentMessageViewModel.swift */ = {isa = PBXFileReference; lastKnownFileType = sourcecode.swift; path = RecentMessageViewModel.swift; sourceTree = "<group>"; };
		D671B1492937B1A6006F062E /* MainMessagesView.swift */ = {isa = PBXFileReference; lastKnownFileType = sourcecode.swift; path = MainMessagesView.swift; sourceTree = "<group>"; };
		D671B14B2937B1B9006F062E /* MainMessagesViewModel.swift */ = {isa = PBXFileReference; lastKnownFileType = sourcecode.swift; path = MainMessagesViewModel.swift; sourceTree = "<group>"; };
		D671B14D2937B202006F062E /* MessagesList.swift */ = {isa = PBXFileReference; lastKnownFileType = sourcecode.swift; path = MessagesList.swift; sourceTree = "<group>"; };
		D671B1502937B4D7006F062E /* NewMessageUsersView.swift */ = {isa = PBXFileReference; lastKnownFileType = sourcecode.swift; path = NewMessageUsersView.swift; sourceTree = "<group>"; };
		D671B1532937B52F006F062E /* ChatUser.swift */ = {isa = PBXFileReference; lastKnownFileType = sourcecode.swift; path = ChatUser.swift; sourceTree = "<group>"; };
		D671B1552937B62A006F062E /* NewMessageUsersViewModel.swift */ = {isa = PBXFileReference; lastKnownFileType = sourcecode.swift; path = NewMessageUsersViewModel.swift; sourceTree = "<group>"; };
		D671B1582937C2B6006F062E /* ChatLogView.swift */ = {isa = PBXFileReference; lastKnownFileType = sourcecode.swift; path = ChatLogView.swift; sourceTree = "<group>"; };
		D671B15A2937C2C4006F062E /* ChatLogViewModel.swift */ = {isa = PBXFileReference; lastKnownFileType = sourcecode.swift; path = ChatLogViewModel.swift; sourceTree = "<group>"; };
		D671B15D2937C4D2006F062E /* FirebaseConstants.swift */ = {isa = PBXFileReference; lastKnownFileType = sourcecode.swift; path = FirebaseConstants.swift; sourceTree = "<group>"; };
		D671B15F2937C725006F062E /* Message.swift */ = {isa = PBXFileReference; lastKnownFileType = sourcecode.swift; path = Message.swift; sourceTree = "<group>"; };
/* End PBXFileReference section */

/* Begin PBXFrameworksBuildPhase section */
		D60B9D722936526600BAEB01 /* Frameworks */ = {
			isa = PBXFrameworksBuildPhase;
			buildActionMask = 2147483647;
			files = (
				D60B9D8D29365CE400BAEB01 /* FirebaseAuth in Frameworks */,
				D60B9D8F29365CE400BAEB01 /* FirebaseFirestore in Frameworks */,
				D60B9D9129365CE400BAEB01 /* FirebaseStorage in Frameworks */,
			);
			runOnlyForDeploymentPostprocessing = 0;
		};
/* End PBXFrameworksBuildPhase section */

/* Begin PBXGroup section */
		D60B9D6C2936526600BAEB01 = {
			isa = PBXGroup;
			children = (
				D60B9D772936526600BAEB01 /* Chat Blog */,
				D60B9D762936526600BAEB01 /* Products */,
			);
			sourceTree = "<group>";
		};
		D60B9D762936526600BAEB01 /* Products */ = {
			isa = PBXGroup;
			children = (
				D60B9D752936526600BAEB01 /* Chat Blog.app */,
			);
			name = Products;
			sourceTree = "<group>";
		};
		D60B9D772936526600BAEB01 /* Chat Blog */ = {
			isa = PBXGroup;
			children = (
				D671B1572937C2AE006F062E /* ChatLog */,
				D671B14F2937B4CC006F062E /* NewMessageUsers */,
				D671B1482937B197006F062E /* MainMessages */,
				D60B9D9429365FDC00BAEB01 /* Managers */,
				D60B9D9229365ED900BAEB01 /* GoogleService-Info.plist */,
				D60B9D862936531400BAEB01 /* Login */,
				D60B9D782936526600BAEB01 /* Chat_BlogApp.swift */,
				D60B9D7A2936526600BAEB01 /* ContentView.swift */,
				D60B9D7C2936526B00BAEB01 /* Assets.xcassets */,
				D60B9D7E2936526B00BAEB01 /* Preview Content */,
			);
			path = "Chat Blog";
			sourceTree = "<group>";
		};
		D60B9D7E2936526B00BAEB01 /* Preview Content */ = {
			isa = PBXGroup;
			children = (
				D60B9D7F2936526B00BAEB01 /* Preview Assets.xcassets */,
			);
			path = "Preview Content";
			sourceTree = "<group>";
		};
		D60B9D862936531400BAEB01 /* Login */ = {
			isa = PBXGroup;
			children = (
				D60B9D872936532100BAEB01 /* LoginView.swift */,
				D60B9D892936532800BAEB01 /* LoginViewModel.swift */,
			);
			path = Login;
			sourceTree = "<group>";
		};
		D60B9D9429365FDC00BAEB01 /* Managers */ = {
			isa = PBXGroup;
			children = (
				D60B9D952936600B00BAEB01 /* FirebaseManager.swift */,
			);
			path = Managers;
			sourceTree = "<group>";
		};
		D65C603329390F2700AAE189 /* RecentMessage */ = {
			isa = PBXGroup;
			children = (
				D65C603429390F4000AAE189 /* RecentMessageRowView.swift */,
				D65C603629390F4E00AAE189 /* RecentMessageViewModel.swift */,
			);
			path = RecentMessage;
			sourceTree = "<group>";
		};
		D671B1482937B197006F062E /* MainMessages */ = {
			isa = PBXGroup;
			children = (
				D671B1492937B1A6006F062E /* MainMessagesView.swift */,
				D671B14B2937B1B9006F062E /* MainMessagesViewModel.swift */,
				D671B14D2937B202006F062E /* MessagesList.swift */,
			);
			path = MainMessages;
			sourceTree = "<group>";
		};
		D671B14F2937B4CC006F062E /* NewMessageUsers */ = {
			isa = PBXGroup;
			children = (
				D671B1522937B527006F062E /* Models */,
				D671B1502937B4D7006F062E /* NewMessageUsersView.swift */,
				D671B1552937B62A006F062E /* NewMessageUsersViewModel.swift */,
			);
			path = NewMessageUsers;
			sourceTree = "<group>";
		};
		D671B1522937B527006F062E /* Models */ = {
			isa = PBXGroup;
			children = (
				D671B1532937B52F006F062E /* ChatUser.swift */,
			);
			path = Models;
			sourceTree = "<group>";
		};
		D671B1572937C2AE006F062E /* ChatLog */ = {
			isa = PBXGroup;
			children = (
				D65C603329390F2700AAE189 /* RecentMessage */,
				D671B15C2937C4C7006F062E /* Models */,
				D671B1582937C2B6006F062E /* ChatLogView.swift */,
				D671B15A2937C2C4006F062E /* ChatLogViewModel.swift */,
			);
			path = ChatLog;
			sourceTree = "<group>";
		};
		D671B15C2937C4C7006F062E /* Models */ = {
			isa = PBXGroup;
			children = (
				D671B15D2937C4D2006F062E /* FirebaseConstants.swift */,
				D671B15F2937C725006F062E /* Message.swift */,
				D65C60312939046F00AAE189 /* RecentMessage.swift */,
			);
			path = Models;
			sourceTree = "<group>";
		};
/* End PBXGroup section */

/* Begin PBXNativeTarget section */
		D60B9D742936526600BAEB01 /* Chat Blog */ = {
			isa = PBXNativeTarget;
			buildConfigurationList = D60B9D832936526B00BAEB01 /* Build configuration list for PBXNativeTarget "Chat Blog" */;
			buildPhases = (
				D60B9D712936526600BAEB01 /* Sources */,
				D60B9D722936526600BAEB01 /* Frameworks */,
				D60B9D732936526600BAEB01 /* Resources */,
			);
			buildRules = (
			);
			dependencies = (
			);
			name = "Chat Blog";
			packageProductDependencies = (
				D60B9D8C29365CE400BAEB01 /* FirebaseAuth */,
				D60B9D8E29365CE400BAEB01 /* FirebaseFirestore */,
				D60B9D9029365CE400BAEB01 /* FirebaseStorage */,
			);
			productName = "Chat Blog";
			productReference = D60B9D752936526600BAEB01 /* Chat Blog.app */;
			productType = "com.apple.product-type.application";
		};
/* End PBXNativeTarget section */

/* Begin PBXProject section */
		D60B9D6D2936526600BAEB01 /* Project object */ = {
			isa = PBXProject;
			attributes = {
				BuildIndependentTargetsInParallel = 1;
				LastSwiftUpdateCheck = 1400;
				LastUpgradeCheck = 1400;
				TargetAttributes = {
					D60B9D742936526600BAEB01 = {
						CreatedOnToolsVersion = 14.0.1;
					};
				};
			};
			buildConfigurationList = D60B9D702936526600BAEB01 /* Build configuration list for PBXProject "Chat Blog" */;
			compatibilityVersion = "Xcode 14.0";
			developmentRegion = en;
			hasScannedForEncodings = 0;
			knownRegions = (
				en,
				Base,
			);
			mainGroup = D60B9D6C2936526600BAEB01;
			packageReferences = (
				D60B9D8B29365CE400BAEB01 /* XCRemoteSwiftPackageReference "firebase-ios-sdk" */,
			);
			productRefGroup = D60B9D762936526600BAEB01 /* Products */;
			projectDirPath = "";
			projectRoot = "";
			targets = (
				D60B9D742936526600BAEB01 /* Chat Blog */,
			);
		};
/* End PBXProject section */

/* Begin PBXResourcesBuildPhase section */
		D60B9D732936526600BAEB01 /* Resources */ = {
			isa = PBXResourcesBuildPhase;
			buildActionMask = 2147483647;
			files = (
				D60B9D802936526B00BAEB01 /* Preview Assets.xcassets in Resources */,
				D60B9D7D2936526B00BAEB01 /* Assets.xcassets in Resources */,
				D60B9D9329365EDA00BAEB01 /* GoogleService-Info.plist in Resources */,
			);
			runOnlyForDeploymentPostprocessing = 0;
		};
/* End PBXResourcesBuildPhase section */

/* Begin PBXSourcesBuildPhase section */
		D60B9D712936526600BAEB01 /* Sources */ = {
			isa = PBXSourcesBuildPhase;
			buildActionMask = 2147483647;
			files = (
				D671B1512937B4D7006F062E /* NewMessageUsersView.swift in Sources */,
				D60B9D8A2936532800BAEB01 /* LoginViewModel.swift in Sources */,
				D671B1562937B62A006F062E /* NewMessageUsersViewModel.swift in Sources */,
				D671B14E2937B202006F062E /* MessagesList.swift in Sources */,
				D65C60322939046F00AAE189 /* RecentMessage.swift in Sources */,
				D671B14A2937B1A6006F062E /* MainMessagesView.swift in Sources */,
				D671B1592937C2B6006F062E /* ChatLogView.swift in Sources */,
				D671B15E2937C4D2006F062E /* FirebaseConstants.swift in Sources */,
				D671B1542937B52F006F062E /* ChatUser.swift in Sources */,
				D65C603729390F4E00AAE189 /* RecentMessageViewModel.swift in Sources */,
				D60B9D882936532100BAEB01 /* LoginView.swift in Sources */,
				D60B9D962936600B00BAEB01 /* FirebaseManager.swift in Sources */,
				D60B9D7B2936526600BAEB01 /* ContentView.swift in Sources */,
				D60B9D792936526600BAEB01 /* Chat_BlogApp.swift in Sources */,
				D671B1602937C725006F062E /* Message.swift in Sources */,
				D65C603529390F4000AAE189 /* RecentMessageRowView.swift in Sources */,
				D671B15B2937C2C4006F062E /* ChatLogViewModel.swift in Sources */,
				D671B14C2937B1B9006F062E /* MainMessagesViewModel.swift in Sources */,
			);
			runOnlyForDeploymentPostprocessing = 0;
		};
/* End PBXSourcesBuildPhase section */

/* Begin XCBuildConfiguration section */
		D60B9D812936526B00BAEB01 /* Debug */ = {
			isa = XCBuildConfiguration;
			buildSettings = {
				ALWAYS_SEARCH_USER_PATHS = NO;
				CLANG_ANALYZER_NONNULL = YES;
				CLANG_ANALYZER_NUMBER_OBJECT_CONVERSION = YES_AGGRESSIVE;
				CLANG_CXX_LANGUAGE_STANDARD = "gnu++20";
				CLANG_ENABLE_MODULES = YES;
				CLANG_ENABLE_OBJC_ARC = YES;
				CLANG_ENABLE_OBJC_WEAK = YES;
				CLANG_WARN_BLOCK_CAPTURE_AUTORELEASING = YES;
				CLANG_WARN_BOOL_CONVERSION = YES;
				CLANG_WARN_COMMA = YES;
				CLANG_WARN_CONSTANT_CONVERSION = YES;
				CLANG_WARN_DEPRECATED_OBJC_IMPLEMENTATIONS = YES;
				CLANG_WARN_DIRECT_OBJC_ISA_USAGE = YES_ERROR;
				CLANG_WARN_DOCUMENTATION_COMMENTS = YES;
				CLANG_WARN_EMPTY_BODY = YES;
				CLANG_WARN_ENUM_CONVERSION = YES;
				CLANG_WARN_INFINITE_RECURSION = YES;
				CLANG_WARN_INT_CONVERSION = YES;
				CLANG_WARN_NON_LITERAL_NULL_CONVERSION = YES;
				CLANG_WARN_OBJC_IMPLICIT_RETAIN_SELF = YES;
				CLANG_WARN_OBJC_LITERAL_CONVERSION = YES;
				CLANG_WARN_OBJC_ROOT_CLASS = YES_ERROR;
				CLANG_WARN_QUOTED_INCLUDE_IN_FRAMEWORK_HEADER = YES;
				CLANG_WARN_RANGE_LOOP_ANALYSIS = YES;
				CLANG_WARN_STRICT_PROTOTYPES = YES;
				CLANG_WARN_SUSPICIOUS_MOVE = YES;
				CLANG_WARN_UNGUARDED_AVAILABILITY = YES_AGGRESSIVE;
				CLANG_WARN_UNREACHABLE_CODE = YES;
				CLANG_WARN__DUPLICATE_METHOD_MATCH = YES;
				COPY_PHASE_STRIP = NO;
				DEBUG_INFORMATION_FORMAT = dwarf;
				ENABLE_STRICT_OBJC_MSGSEND = YES;
				ENABLE_TESTABILITY = YES;
				GCC_C_LANGUAGE_STANDARD = gnu11;
				GCC_DYNAMIC_NO_PIC = NO;
				GCC_NO_COMMON_BLOCKS = YES;
				GCC_OPTIMIZATION_LEVEL = 0;
				GCC_PREPROCESSOR_DEFINITIONS = (
					"DEBUG=1",
					"$(inherited)",
				);
				GCC_WARN_64_TO_32_BIT_CONVERSION = YES;
				GCC_WARN_ABOUT_RETURN_TYPE = YES_ERROR;
				GCC_WARN_UNDECLARED_SELECTOR = YES;
				GCC_WARN_UNINITIALIZED_AUTOS = YES_AGGRESSIVE;
				GCC_WARN_UNUSED_FUNCTION = YES;
				GCC_WARN_UNUSED_VARIABLE = YES;
				IPHONEOS_DEPLOYMENT_TARGET = 16.0;
				MTL_ENABLE_DEBUG_INFO = INCLUDE_SOURCE;
				MTL_FAST_MATH = YES;
				ONLY_ACTIVE_ARCH = YES;
				SDKROOT = iphoneos;
				SWIFT_ACTIVE_COMPILATION_CONDITIONS = DEBUG;
				SWIFT_OPTIMIZATION_LEVEL = "-Onone";
			};
			name = Debug;
		};
		D60B9D822936526B00BAEB01 /* Release */ = {
			isa = XCBuildConfiguration;
			buildSettings = {
				ALWAYS_SEARCH_USER_PATHS = NO;
				CLANG_ANALYZER_NONNULL = YES;
				CLANG_ANALYZER_NUMBER_OBJECT_CONVERSION = YES_AGGRESSIVE;
				CLANG_CXX_LANGUAGE_STANDARD = "gnu++20";
				CLANG_ENABLE_MODULES = YES;
				CLANG_ENABLE_OBJC_ARC = YES;
				CLANG_ENABLE_OBJC_WEAK = YES;
				CLANG_WARN_BLOCK_CAPTURE_AUTORELEASING = YES;
				CLANG_WARN_BOOL_CONVERSION = YES;
				CLANG_WARN_COMMA = YES;
				CLANG_WARN_CONSTANT_CONVERSION = YES;
				CLANG_WARN_DEPRECATED_OBJC_IMPLEMENTATIONS = YES;
				CLANG_WARN_DIRECT_OBJC_ISA_USAGE = YES_ERROR;
				CLANG_WARN_DOCUMENTATION_COMMENTS = YES;
				CLANG_WARN_EMPTY_BODY = YES;
				CLANG_WARN_ENUM_CONVERSION = YES;
				CLANG_WARN_INFINITE_RECURSION = YES;
				CLANG_WARN_INT_CONVERSION = YES;
				CLANG_WARN_NON_LITERAL_NULL_CONVERSION = YES;
				CLANG_WARN_OBJC_IMPLICIT_RETAIN_SELF = YES;
				CLANG_WARN_OBJC_LITERAL_CONVERSION = YES;
				CLANG_WARN_OBJC_ROOT_CLASS = YES_ERROR;
				CLANG_WARN_QUOTED_INCLUDE_IN_FRAMEWORK_HEADER = YES;
				CLANG_WARN_RANGE_LOOP_ANALYSIS = YES;
				CLANG_WARN_STRICT_PROTOTYPES = YES;
				CLANG_WARN_SUSPICIOUS_MOVE = YES;
				CLANG_WARN_UNGUARDED_AVAILABILITY = YES_AGGRESSIVE;
				CLANG_WARN_UNREACHABLE_CODE = YES;
				CLANG_WARN__DUPLICATE_METHOD_MATCH = YES;
				COPY_PHASE_STRIP = NO;
				DEBUG_INFORMATION_FORMAT = "dwarf-with-dsym";
				ENABLE_NS_ASSERTIONS = NO;
				ENABLE_STRICT_OBJC_MSGSEND = YES;
				GCC_C_LANGUAGE_STANDARD = gnu11;
				GCC_NO_COMMON_BLOCKS = YES;
				GCC_WARN_64_TO_32_BIT_CONVERSION = YES;
				GCC_WARN_ABOUT_RETURN_TYPE = YES_ERROR;
				GCC_WARN_UNDECLARED_SELECTOR = YES;
				GCC_WARN_UNINITIALIZED_AUTOS = YES_AGGRESSIVE;
				GCC_WARN_UNUSED_FUNCTION = YES;
				GCC_WARN_UNUSED_VARIABLE = YES;
				IPHONEOS_DEPLOYMENT_TARGET = 16.0;
				MTL_ENABLE_DEBUG_INFO = NO;
				MTL_FAST_MATH = YES;
				SDKROOT = iphoneos;
				SWIFT_COMPILATION_MODE = wholemodule;
				SWIFT_OPTIMIZATION_LEVEL = "-O";
				VALIDATE_PRODUCT = YES;
			};
			name = Release;
		};
		D60B9D842936526B00BAEB01 /* Debug */ = {
			isa = XCBuildConfiguration;
			buildSettings = {
				ASSETCATALOG_COMPILER_APPICON_NAME = AppIcon;
				ASSETCATALOG_COMPILER_GLOBAL_ACCENT_COLOR_NAME = AccentColor;
				CODE_SIGN_STYLE = Automatic;
				CURRENT_PROJECT_VERSION = 1;
				DEVELOPMENT_ASSET_PATHS = "\"Chat Blog/Preview Content\"";
				DEVELOPMENT_TEAM = GWLC7B32AQ;
				ENABLE_PREVIEWS = YES;
				GENERATE_INFOPLIST_FILE = YES;
				INFOPLIST_KEY_UIApplicationSceneManifest_Generation = YES;
				INFOPLIST_KEY_UIApplicationSupportsIndirectInputEvents = YES;
				INFOPLIST_KEY_UILaunchScreen_Generation = YES;
				INFOPLIST_KEY_UISupportedInterfaceOrientations_iPad = "UIInterfaceOrientationPortrait UIInterfaceOrientationPortraitUpsideDown UIInterfaceOrientationLandscapeLeft UIInterfaceOrientationLandscapeRight";
				INFOPLIST_KEY_UISupportedInterfaceOrientations_iPhone = "UIInterfaceOrientationPortrait UIInterfaceOrientationLandscapeLeft UIInterfaceOrientationLandscapeRight";
				LD_RUNPATH_SEARCH_PATHS = (
					"$(inherited)",
					"@executable_path/Frameworks",
				);
				MARKETING_VERSION = 1.0;
				PRODUCT_BUNDLE_IDENTIFIER = "com.livsy.Chat-Blog";
				PRODUCT_NAME = "$(TARGET_NAME)";
				SWIFT_EMIT_LOC_STRINGS = YES;
				SWIFT_VERSION = 5.0;
				TARGETED_DEVICE_FAMILY = "1,2";
			};
			name = Debug;
		};
		D60B9D852936526B00BAEB01 /* Release */ = {
			isa = XCBuildConfiguration;
			buildSettings = {
				ASSETCATALOG_COMPILER_APPICON_NAME = AppIcon;
				ASSETCATALOG_COMPILER_GLOBAL_ACCENT_COLOR_NAME = AccentColor;
				CODE_SIGN_STYLE = Automatic;
				CURRENT_PROJECT_VERSION = 1;
				DEVELOPMENT_ASSET_PATHS = "\"Chat Blog/Preview Content\"";
				DEVELOPMENT_TEAM = GWLC7B32AQ;
				ENABLE_PREVIEWS = YES;
				GENERATE_INFOPLIST_FILE = YES;
				INFOPLIST_KEY_UIApplicationSceneManifest_Generation = YES;
				INFOPLIST_KEY_UIApplicationSupportsIndirectInputEvents = YES;
				INFOPLIST_KEY_UILaunchScreen_Generation = YES;
				INFOPLIST_KEY_UISupportedInterfaceOrientations_iPad = "UIInterfaceOrientationPortrait UIInterfaceOrientationPortraitUpsideDown UIInterfaceOrientationLandscapeLeft UIInterfaceOrientationLandscapeRight";
				INFOPLIST_KEY_UISupportedInterfaceOrientations_iPhone = "UIInterfaceOrientationPortrait UIInterfaceOrientationLandscapeLeft UIInterfaceOrientationLandscapeRight";
				LD_RUNPATH_SEARCH_PATHS = (
					"$(inherited)",
					"@executable_path/Frameworks",
				);
				MARKETING_VERSION = 1.0;
				PRODUCT_BUNDLE_IDENTIFIER = "com.livsy.Chat-Blog";
				PRODUCT_NAME = "$(TARGET_NAME)";
				SWIFT_EMIT_LOC_STRINGS = YES;
				SWIFT_VERSION = 5.0;
				TARGETED_DEVICE_FAMILY = "1,2";
			};
			name = Release;
		};
/* End XCBuildConfiguration section */

/* Begin XCConfigurationList section */
		D60B9D702936526600BAEB01 /* Build configuration list for PBXProject "Chat Blog" */ = {
			isa = XCConfigurationList;
			buildConfigurations = (
				D60B9D812936526B00BAEB01 /* Debug */,
				D60B9D822936526B00BAEB01 /* Release */,
			);
			defaultConfigurationIsVisible = 0;
			defaultConfigurationName = Release;
		};
		D60B9D832936526B00BAEB01 /* Build configuration list for PBXNativeTarget "Chat Blog" */ = {
			isa = XCConfigurationList;
			buildConfigurations = (
				D60B9D842936526B00BAEB01 /* Debug */,
				D60B9D852936526B00BAEB01 /* Release */,
			);
			defaultConfigurationIsVisible = 0;
			defaultConfigurationName = Release;
		};
/* End XCConfigurationList section */

/* Begin XCRemoteSwiftPackageReference section */
		D60B9D8B29365CE400BAEB01 /* XCRemoteSwiftPackageReference "firebase-ios-sdk" */ = {
			isa = XCRemoteSwiftPackageReference;
			repositoryURL = "https://github.com/firebase/firebase-ios-sdk.git";
			requirement = {
				kind = upToNextMajorVersion;
				minimumVersion = 9.0.0;
			};
		};
/* End XCRemoteSwiftPackageReference section */

/* Begin XCSwiftPackageProductDependency section */
		D60B9D8C29365CE400BAEB01 /* FirebaseAuth */ = {
			isa = XCSwiftPackageProductDependency;
			package = D60B9D8B29365CE400BAEB01 /* XCRemoteSwiftPackageReference "firebase-ios-sdk" */;
			productName = FirebaseAuth;
		};
		D60B9D8E29365CE400BAEB01 /* FirebaseFirestore */ = {
			isa = XCSwiftPackageProductDependency;
			package = D60B9D8B29365CE400BAEB01 /* XCRemoteSwiftPackageReference "firebase-ios-sdk" */;
			productName = FirebaseFirestore;
		};
		D60B9D9029365CE400BAEB01 /* FirebaseStorage */ = {
			isa = XCSwiftPackageProductDependency;
			package = D60B9D8B29365CE400BAEB01 /* XCRemoteSwiftPackageReference "firebase-ios-sdk" */;
			productName = FirebaseStorage;
		};
/* End XCSwiftPackageProductDependency section */
	};
	rootObject = D60B9D6D2936526600BAEB01 /* Project object */;
}
